// !$*UTF8*$!
{
	archiveVersion = 1;
	classes = {
	};
	objectVersion = 56;
	objects = {

/* Begin PBXBuildFile section */
		B4402A6629F60AF10051ACC0 /* NoKiApp.swift in Sources */ = {isa = PBXBuildFile; fileRef = B4402A6529F60AF10051ACC0 /* NoKiApp.swift */; };
		B4402A6829F60AF10051ACC0 /* ContentView.swift in Sources */ = {isa = PBXBuildFile; fileRef = B4402A6729F60AF10051ACC0 /* ContentView.swift */; };
		B4402A6A29F60AF20051ACC0 /* Assets.xcassets in Resources */ = {isa = PBXBuildFile; fileRef = B4402A6929F60AF20051ACC0 /* Assets.xcassets */; };
		B4402A6D29F60AF20051ACC0 /* Preview Assets.xcassets in Resources */ = {isa = PBXBuildFile; fileRef = B4402A6C29F60AF20051ACC0 /* Preview Assets.xcassets */; };
		B4402A7429F60BF00051ACC0 /* GoogleService-Info.plist in Resources */ = {isa = PBXBuildFile; fileRef = B4402A7329F60BF00051ACC0 /* GoogleService-Info.plist */; };
		B4402A7729F60C9A0051ACC0 /* FirebaseAnalytics in Frameworks */ = {isa = PBXBuildFile; productRef = B4402A7629F60C9A0051ACC0 /* FirebaseAnalytics */; };
		B4402A7929F60C9A0051ACC0 /* FirebaseAnalyticsSwift in Frameworks */ = {isa = PBXBuildFile; productRef = B4402A7829F60C9A0051ACC0 /* FirebaseAnalyticsSwift */; };
		B4402A7C29F60D870051ACC0 /* FirebaseAuth in Frameworks */ = {isa = PBXBuildFile; productRef = B4402A7B29F60D870051ACC0 /* FirebaseAuth */; };
		B4402A8129F60F2D0051ACC0 /* AuthenticationView.swift in Sources */ = {isa = PBXBuildFile; fileRef = B4402A8029F60F2D0051ACC0 /* AuthenticationView.swift */; };
		B4402A8329F614760051ACC0 /* AuthenticationManager.swift in Sources */ = {isa = PBXBuildFile; fileRef = B4402A8229F614760051ACC0 /* AuthenticationManager.swift */; };
		B4402A8529F616200051ACC0 /* Registeraccount.swift in Sources */ = {isa = PBXBuildFile; fileRef = B4402A8429F616200051ACC0 /* Registeraccount.swift */; };
		B4402A8729F6221C0051ACC0 /* RootView.swift in Sources */ = {isa = PBXBuildFile; fileRef = B4402A8629F6221C0051ACC0 /* RootView.swift */; };
		B4402A8929F624E80051ACC0 /* SettingView.swift in Sources */ = {isa = PBXBuildFile; fileRef = B4402A8829F624E80051ACC0 /* SettingView.swift */; };
/* End PBXBuildFile section */

/* Begin PBXFileReference section */
		B4402A6229F60AF10051ACC0 /* NoKi.app */ = {isa = PBXFileReference; explicitFileType = wrapper.application; includeInIndex = 0; path = NoKi.app; sourceTree = BUILT_PRODUCTS_DIR; };
		B4402A6529F60AF10051ACC0 /* NoKiApp.swift */ = {isa = PBXFileReference; lastKnownFileType = sourcecode.swift; path = NoKiApp.swift; sourceTree = "<group>"; };
		B4402A6729F60AF10051ACC0 /* ContentView.swift */ = {isa = PBXFileReference; lastKnownFileType = sourcecode.swift; path = ContentView.swift; sourceTree = "<group>"; };
		B4402A6929F60AF20051ACC0 /* Assets.xcassets */ = {isa = PBXFileReference; lastKnownFileType = folder.assetcatalog; path = Assets.xcassets; sourceTree = "<group>"; };
		B4402A6C29F60AF20051ACC0 /* Preview Assets.xcassets */ = {isa = PBXFileReference; lastKnownFileType = folder.assetcatalog; path = "Preview Assets.xcassets"; sourceTree = "<group>"; };
		B4402A7329F60BF00051ACC0 /* GoogleService-Info.plist */ = {isa = PBXFileReference; fileEncoding = 4; lastKnownFileType = text.plist.xml; path = "GoogleService-Info.plist"; sourceTree = "<group>"; };
		B4402A8029F60F2D0051ACC0 /* AuthenticationView.swift */ = {isa = PBXFileReference; lastKnownFileType = sourcecode.swift; path = AuthenticationView.swift; sourceTree = "<group>"; };
		B4402A8229F614760051ACC0 /* AuthenticationManager.swift */ = {isa = PBXFileReference; lastKnownFileType = sourcecode.swift; path = AuthenticationManager.swift; sourceTree = "<group>"; };
		B4402A8429F616200051ACC0 /* Registeraccount.swift */ = {isa = PBXFileReference; lastKnownFileType = sourcecode.swift; path = Registeraccount.swift; sourceTree = "<group>"; };
		B4402A8629F6221C0051ACC0 /* RootView.swift */ = {isa = PBXFileReference; lastKnownFileType = sourcecode.swift; path = RootView.swift; sourceTree = "<group>"; };
		B4402A8829F624E80051ACC0 /* SettingView.swift */ = {isa = PBXFileReference; lastKnownFileType = sourcecode.swift; path = SettingView.swift; sourceTree = "<group>"; };
/* End PBXFileReference section */

/* Begin PBXFrameworksBuildPhase section */
		B4402A5F29F60AF10051ACC0 /* Frameworks */ = {
			isa = PBXFrameworksBuildPhase;
			buildActionMask = 2147483647;
			files = (
				B4402A7929F60C9A0051ACC0 /* FirebaseAnalyticsSwift in Frameworks */,
				B4402A7C29F60D870051ACC0 /* FirebaseAuth in Frameworks */,
				B4402A7729F60C9A0051ACC0 /* FirebaseAnalytics in Frameworks */,
			);
			runOnlyForDeploymentPostprocessing = 0;
		};
/* End PBXFrameworksBuildPhase section */

/* Begin PBXGroup section */
		B4402A5929F60AF10051ACC0 = {
			isa = PBXGroup;
			children = (
				B4402A6429F60AF10051ACC0 /* NoKi */,
				B4402A6329F60AF10051ACC0 /* Products */,
				B4402A7A29F60D870051ACC0 /* Frameworks */,
			);
			sourceTree = "<group>";
		};
		B4402A6329F60AF10051ACC0 /* Products */ = {
			isa = PBXGroup;
			children = (
				B4402A6229F60AF10051ACC0 /* NoKi.app */,
			);
			name = Products;
			sourceTree = "<group>";
		};
		B4402A6429F60AF10051ACC0 /* NoKi */ = {
			isa = PBXGroup;
			children = (
				B4402A7D29F60DD80051ACC0 /* Authentication */,
				B4402A6529F60AF10051ACC0 /* NoKiApp.swift */,
				B4402A6729F60AF10051ACC0 /* ContentView.swift */,
				B4402A6929F60AF20051ACC0 /* Assets.xcassets */,
				B4402A7329F60BF00051ACC0 /* GoogleService-Info.plist */,
				B4402A6B29F60AF20051ACC0 /* Preview Content */,
			);
			path = NoKi;
			sourceTree = "<group>";
		};
		B4402A6B29F60AF20051ACC0 /* Preview Content */ = {
			isa = PBXGroup;
			children = (
				B4402A6C29F60AF20051ACC0 /* Preview Assets.xcassets */,
			);
			path = "Preview Content";
			sourceTree = "<group>";
		};
		B4402A7A29F60D870051ACC0 /* Frameworks */ = {
			isa = PBXGroup;
			children = (
			);
			name = Frameworks;
			sourceTree = "<group>";
		};
		B4402A7D29F60DD80051ACC0 /* Authentication */ = {
			isa = PBXGroup;
			children = (
				B4402A8029F60F2D0051ACC0 /* AuthenticationView.swift */,
				B4402A8429F616200051ACC0 /* Registeraccount.swift */,
				B4402A8229F614760051ACC0 /* AuthenticationManager.swift */,
				B4402A8629F6221C0051ACC0 /* RootView.swift */,
				B4402A8829F624E80051ACC0 /* SettingView.swift */,
			);
			path = Authentication;
			sourceTree = "<group>";
		};
/* End PBXGroup section */

/* Begin PBXNativeTarget section */
		B4402A6129F60AF10051ACC0 /* NoKi */ = {
			isa = PBXNativeTarget;
			buildConfigurationList = B4402A7029F60AF20051ACC0 /* Build configuration list for PBXNativeTarget "NoKi" */;
			buildPhases = (
				B4402A5E29F60AF10051ACC0 /* Sources */,
				B4402A5F29F60AF10051ACC0 /* Frameworks */,
				B4402A6029F60AF10051ACC0 /* Resources */,
			);
			buildRules = (
			);
			dependencies = (
			);
			name = NoKi;
			packageProductDependencies = (
				B4402A7629F60C9A0051ACC0 /* FirebaseAnalytics */,
				B4402A7829F60C9A0051ACC0 /* FirebaseAnalyticsSwift */,
				B4402A7B29F60D870051ACC0 /* FirebaseAuth */,
			);
			productName = NoKi;
			productReference = B4402A6229F60AF10051ACC0 /* NoKi.app */;
			productType = "com.apple.product-type.application";
		};
/* End PBXNativeTarget section */

/* Begin PBXProject section */
		B4402A5A29F60AF10051ACC0 /* Project object */ = {
			isa = PBXProject;
			attributes = {
				BuildIndependentTargetsInParallel = 1;
				LastSwiftUpdateCheck = 1420;
				LastUpgradeCheck = 1420;
				TargetAttributes = {
					B4402A6129F60AF10051ACC0 = {
						CreatedOnToolsVersion = 14.2;
					};
				};
			};
			buildConfigurationList = B4402A5D29F60AF10051ACC0 /* Build configuration list for PBXProject "NoKi" */;
			compatibilityVersion = "Xcode 14.0";
			developmentRegion = en;
			hasScannedForEncodings = 0;
			knownRegions = (
				en,
				Base,
			);
			mainGroup = B4402A5929F60AF10051ACC0;
			packageReferences = (
				B4402A7529F60C990051ACC0 /* XCRemoteSwiftPackageReference "firebase-ios-sdk" */,
			);
			productRefGroup = B4402A6329F60AF10051ACC0 /* Products */;
			projectDirPath = "";
			projectRoot = "";
			targets = (
				B4402A6129F60AF10051ACC0 /* NoKi */,
			);
		};
/* End PBXProject section */

/* Begin PBXResourcesBuildPhase section */
		B4402A6029F60AF10051ACC0 /* Resources */ = {
			isa = PBXResourcesBuildPhase;
			buildActionMask = 2147483647;
			files = (
				B4402A6D29F60AF20051ACC0 /* Preview Assets.xcassets in Resources */,
				B4402A6A29F60AF20051ACC0 /* Assets.xcassets in Resources */,
				B4402A7429F60BF00051ACC0 /* GoogleService-Info.plist in Resources */,
			);
			runOnlyForDeploymentPostprocessing = 0;
		};
/* End PBXResourcesBuildPhase section */

/* Begin PBXSourcesBuildPhase section */
		B4402A5E29F60AF10051ACC0 /* Sources */ = {
			isa = PBXSourcesBuildPhase;
			buildActionMask = 2147483647;
			files = (
				B4402A8529F616200051ACC0 /* Registeraccount.swift in Sources */,
				B4402A6829F60AF10051ACC0 /* ContentView.swift in Sources */,
				B4402A8729F6221C0051ACC0 /* RootView.swift in Sources */,
				B4402A8929F624E80051ACC0 /* SettingView.swift in Sources */,
				B4402A8329F614760051ACC0 /* AuthenticationManager.swift in Sources */,
				B4402A6629F60AF10051ACC0 /* NoKiApp.swift in Sources */,
				B4402A8129F60F2D0051ACC0 /* AuthenticationView.swift in Sources */,
			);
			runOnlyForDeploymentPostprocessing = 0;
		};
/* End PBXSourcesBuildPhase section */

/* Begin XCBuildConfiguration section */
		B4402A6E29F60AF20051ACC0 /* Debug */ = {
			isa = XCBuildConfiguration;
			buildSettings = {
				ALWAYS_SEARCH_USER_PATHS = NO;
				CLANG_ANALYZER_NONNULL = YES;
				CLANG_ANALYZER_NUMBER_OBJECT_CONVERSION = YES_AGGRESSIVE;
				CLANG_CXX_LANGUAGE_STANDARD = "gnu++20";
				CLANG_ENABLE_MODULES = YES;
				CLANG_ENABLE_OBJC_ARC = YES;
				CLANG_ENABLE_OBJC_WEAK = YES;
				CLANG_WARN_BLOCK_CAPTURE_AUTORELEASING = YES;
				CLANG_WARN_BOOL_CONVERSION = YES;
				CLANG_WARN_COMMA = YES;
				CLANG_WARN_CONSTANT_CONVERSION = YES;
				CLANG_WARN_DEPRECATED_OBJC_IMPLEMENTATIONS = YES;
				CLANG_WARN_DIRECT_OBJC_ISA_USAGE = YES_ERROR;
				CLANG_WARN_DOCUMENTATION_COMMENTS = YES;
				CLANG_WARN_EMPTY_BODY = YES;
				CLANG_WARN_ENUM_CONVERSION = YES;
				CLANG_WARN_INFINITE_RECURSION = YES;
				CLANG_WARN_INT_CONVERSION = YES;
				CLANG_WARN_NON_LITERAL_NULL_CONVERSION = YES;
				CLANG_WARN_OBJC_IMPLICIT_RETAIN_SELF = YES;
				CLANG_WARN_OBJC_LITERAL_CONVERSION = YES;
				CLANG_WARN_OBJC_ROOT_CLASS = YES_ERROR;
				CLANG_WARN_QUOTED_INCLUDE_IN_FRAMEWORK_HEADER = YES;
				CLANG_WARN_RANGE_LOOP_ANALYSIS = YES;
				CLANG_WARN_STRICT_PROTOTYPES = YES;
				CLANG_WARN_SUSPICIOUS_MOVE = YES;
				CLANG_WARN_UNGUARDED_AVAILABILITY = YES_AGGRESSIVE;
				CLANG_WARN_UNREACHABLE_CODE = YES;
				CLANG_WARN__DUPLICATE_METHOD_MATCH = YES;
				COPY_PHASE_STRIP = NO;
				DEBUG_INFORMATION_FORMAT = dwarf;
				ENABLE_STRICT_OBJC_MSGSEND = YES;
				ENABLE_TESTABILITY = YES;
				GCC_C_LANGUAGE_STANDARD = gnu11;
				GCC_DYNAMIC_NO_PIC = NO;
				GCC_NO_COMMON_BLOCKS = YES;
				GCC_OPTIMIZATION_LEVEL = 0;
				GCC_PREPROCESSOR_DEFINITIONS = (
					"DEBUG=1",
					"$(inherited)",
				);
				GCC_WARN_64_TO_32_BIT_CONVERSION = YES;
				GCC_WARN_ABOUT_RETURN_TYPE = YES_ERROR;
				GCC_WARN_UNDECLARED_SELECTOR = YES;
				GCC_WARN_UNINITIALIZED_AUTOS = YES_AGGRESSIVE;
				GCC_WARN_UNUSED_FUNCTION = YES;
				GCC_WARN_UNUSED_VARIABLE = YES;
				IPHONEOS_DEPLOYMENT_TARGET = 16.2;
				MTL_ENABLE_DEBUG_INFO = INCLUDE_SOURCE;
				MTL_FAST_MATH = YES;
				ONLY_ACTIVE_ARCH = YES;
				SDKROOT = iphoneos;
				SWIFT_ACTIVE_COMPILATION_CONDITIONS = DEBUG;
				SWIFT_OPTIMIZATION_LEVEL = "-Onone";
			};
			name = Debug;
		};
		B4402A6F29F60AF20051ACC0 /* Release */ = {
			isa = XCBuildConfiguration;
			buildSettings = {
				ALWAYS_SEARCH_USER_PATHS = NO;
				CLANG_ANALYZER_NONNULL = YES;
				CLANG_ANALYZER_NUMBER_OBJECT_CONVERSION = YES_AGGRESSIVE;
				CLANG_CXX_LANGUAGE_STANDARD = "gnu++20";
				CLANG_ENABLE_MODULES = YES;
				CLANG_ENABLE_OBJC_ARC = YES;
				CLANG_ENABLE_OBJC_WEAK = YES;
				CLANG_WARN_BLOCK_CAPTURE_AUTORELEASING = YES;
				CLANG_WARN_BOOL_CONVERSION = YES;
				CLANG_WARN_COMMA = YES;
				CLANG_WARN_CONSTANT_CONVERSION = YES;
				CLANG_WARN_DEPRECATED_OBJC_IMPLEMENTATIONS = YES;
				CLANG_WARN_DIRECT_OBJC_ISA_USAGE = YES_ERROR;
				CLANG_WARN_DOCUMENTATION_COMMENTS = YES;
				CLANG_WARN_EMPTY_BODY = YES;
				CLANG_WARN_ENUM_CONVERSION = YES;
				CLANG_WARN_INFINITE_RECURSION = YES;
				CLANG_WARN_INT_CONVERSION = YES;
				CLANG_WARN_NON_LITERAL_NULL_CONVERSION = YES;
				CLANG_WARN_OBJC_IMPLICIT_RETAIN_SELF = YES;
				CLANG_WARN_OBJC_LITERAL_CONVERSION = YES;
				CLANG_WARN_OBJC_ROOT_CLASS = YES_ERROR;
				CLANG_WARN_QUOTED_INCLUDE_IN_FRAMEWORK_HEADER = YES;
				CLANG_WARN_RANGE_LOOP_ANALYSIS = YES;
				CLANG_WARN_STRICT_PROTOTYPES = YES;
				CLANG_WARN_SUSPICIOUS_MOVE = YES;
				CLANG_WARN_UNGUARDED_AVAILABILITY = YES_AGGRESSIVE;
				CLANG_WARN_UNREACHABLE_CODE = YES;
				CLANG_WARN__DUPLICATE_METHOD_MATCH = YES;
				COPY_PHASE_STRIP = NO;
				DEBUG_INFORMATION_FORMAT = "dwarf-with-dsym";
				ENABLE_NS_ASSERTIONS = NO;
				ENABLE_STRICT_OBJC_MSGSEND = YES;
				GCC_C_LANGUAGE_STANDARD = gnu11;
				GCC_NO_COMMON_BLOCKS = YES;
				GCC_WARN_64_TO_32_BIT_CONVERSION = YES;
				GCC_WARN_ABOUT_RETURN_TYPE = YES_ERROR;
				GCC_WARN_UNDECLARED_SELECTOR = YES;
				GCC_WARN_UNINITIALIZED_AUTOS = YES_AGGRESSIVE;
				GCC_WARN_UNUSED_FUNCTION = YES;
				GCC_WARN_UNUSED_VARIABLE = YES;
				IPHONEOS_DEPLOYMENT_TARGET = 16.2;
				MTL_ENABLE_DEBUG_INFO = NO;
				MTL_FAST_MATH = YES;
				SDKROOT = iphoneos;
				SWIFT_COMPILATION_MODE = wholemodule;
				SWIFT_OPTIMIZATION_LEVEL = "-O";
				VALIDATE_PRODUCT = YES;
			};
			name = Release;
		};
		B4402A7129F60AF20051ACC0 /* Debug */ = {
			isa = XCBuildConfiguration;
			buildSettings = {
				ASSETCATALOG_COMPILER_APPICON_NAME = AppIcon;
				ASSETCATALOG_COMPILER_GLOBAL_ACCENT_COLOR_NAME = AccentColor;
				CODE_SIGN_STYLE = Automatic;
				CURRENT_PROJECT_VERSION = 1;
				DEVELOPMENT_ASSET_PATHS = "\"NoKi/Preview Content\"";
				DEVELOPMENT_TEAM = NNMLTQ875L;
				ENABLE_PREVIEWS = YES;
				GENERATE_INFOPLIST_FILE = YES;
				INFOPLIST_KEY_UIApplicationSceneManifest_Generation = YES;
				INFOPLIST_KEY_UIApplicationSupportsIndirectInputEvents = YES;
				INFOPLIST_KEY_UILaunchScreen_Generation = YES;
				INFOPLIST_KEY_UISupportedInterfaceOrientations_iPad = "UIInterfaceOrientationPortrait UIInterfaceOrientationPortraitUpsideDown UIInterfaceOrientationLandscapeLeft UIInterfaceOrientationLandscapeRight";
				INFOPLIST_KEY_UISupportedInterfaceOrientations_iPhone = "UIInterfaceOrientationPortrait UIInterfaceOrientationLandscapeLeft UIInterfaceOrientationLandscapeRight";
				LD_RUNPATH_SEARCH_PATHS = (
					"$(inherited)",
					"@executable_path/Frameworks",
				);
				MARKETING_VERSION = 1.0;
				PRODUCT_BUNDLE_IDENTIFIER = nguyenbahao.NoKi;
				PRODUCT_NAME = "$(TARGET_NAME)";
				SWIFT_EMIT_LOC_STRINGS = YES;
				SWIFT_VERSION = 5.0;
				TARGETED_DEVICE_FAMILY = "1,2";
			};
			name = Debug;
		};
		B4402A7229F60AF20051ACC0 /* Release */ = {
			isa = XCBuildConfiguration;
			buildSettings = {
				ASSETCATALOG_COMPILER_APPICON_NAME = AppIcon;
				ASSETCATALOG_COMPILER_GLOBAL_ACCENT_COLOR_NAME = AccentColor;
				CODE_SIGN_STYLE = Automatic;
				CURRENT_PROJECT_VERSION = 1;
				DEVELOPMENT_ASSET_PATHS = "\"NoKi/Preview Content\"";
				DEVELOPMENT_TEAM = NNMLTQ875L;
				ENABLE_PREVIEWS = YES;
				GENERATE_INFOPLIST_FILE = YES;
				INFOPLIST_KEY_UIApplicationSceneManifest_Generation = YES;
				INFOPLIST_KEY_UIApplicationSupportsIndirectInputEvents = YES;
				INFOPLIST_KEY_UILaunchScreen_Generation = YES;
				INFOPLIST_KEY_UISupportedInterfaceOrientations_iPad = "UIInterfaceOrientationPortrait UIInterfaceOrientationPortraitUpsideDown UIInterfaceOrientationLandscapeLeft UIInterfaceOrientationLandscapeRight";
				INFOPLIST_KEY_UISupportedInterfaceOrientations_iPhone = "UIInterfaceOrientationPortrait UIInterfaceOrientationLandscapeLeft UIInterfaceOrientationLandscapeRight";
				LD_RUNPATH_SEARCH_PATHS = (
					"$(inherited)",
					"@executable_path/Frameworks",
				);
				MARKETING_VERSION = 1.0;
				PRODUCT_BUNDLE_IDENTIFIER = nguyenbahao.NoKi;
				PRODUCT_NAME = "$(TARGET_NAME)";
				SWIFT_EMIT_LOC_STRINGS = YES;
				SWIFT_VERSION = 5.0;
				TARGETED_DEVICE_FAMILY = "1,2";
			};
			name = Release;
		};
/* End XCBuildConfiguration section */

/* Begin XCConfigurationList section */
		B4402A5D29F60AF10051ACC0 /* Build configuration list for PBXProject "NoKi" */ = {
			isa = XCConfigurationList;
			buildConfigurations = (
				B4402A6E29F60AF20051ACC0 /* Debug */,
				B4402A6F29F60AF20051ACC0 /* Release */,
			);
			defaultConfigurationIsVisible = 0;
			defaultConfigurationName = Release;
		};
		B4402A7029F60AF20051ACC0 /* Build configuration list for PBXNativeTarget "NoKi" */ = {
			isa = XCConfigurationList;
			buildConfigurations = (
				B4402A7129F60AF20051ACC0 /* Debug */,
				B4402A7229F60AF20051ACC0 /* Release */,
			);
			defaultConfigurationIsVisible = 0;
			defaultConfigurationName = Release;
		};
/* End XCConfigurationList section */

/* Begin XCRemoteSwiftPackageReference section */
		B4402A7529F60C990051ACC0 /* XCRemoteSwiftPackageReference "firebase-ios-sdk" */ = {
			isa = XCRemoteSwiftPackageReference;
			repositoryURL = "https://github.com/firebase/firebase-ios-sdk";
			requirement = {
				kind = exactVersion;
				version = 9.6.0;
			};
		};
/* End XCRemoteSwiftPackageReference section */

/* Begin XCSwiftPackageProductDependency section */
		B4402A7629F60C9A0051ACC0 /* FirebaseAnalytics */ = {
			isa = XCSwiftPackageProductDependency;
			package = B4402A7529F60C990051ACC0 /* XCRemoteSwiftPackageReference "firebase-ios-sdk" */;
			productName = FirebaseAnalytics;
		};
		B4402A7829F60C9A0051ACC0 /* FirebaseAnalyticsSwift */ = {
			isa = XCSwiftPackageProductDependency;
			package = B4402A7529F60C990051ACC0 /* XCRemoteSwiftPackageReference "firebase-ios-sdk" */;
			productName = FirebaseAnalyticsSwift;
		};
		B4402A7B29F60D870051ACC0 /* FirebaseAuth */ = {
			isa = XCSwiftPackageProductDependency;
			package = B4402A7529F60C990051ACC0 /* XCRemoteSwiftPackageReference "firebase-ios-sdk" */;
			productName = FirebaseAuth;
		};
/* End XCSwiftPackageProductDependency section */
	};
	rootObject = B4402A5A29F60AF10051ACC0 /* Project object */;
}
